
Microsoft Visual Studio Solution File, Format Version 12.00
# Visual Studio Version 16
VisualStudioVersion = 16.0.31205.134
MinimumVisualStudioVersion = 10.0.40219.1
Project("{2150E333-8FDC-42A3-9474-1A3956D46DE8}") = "Services", "Services", "{3DA4FFC3-66A6-4CBD-AF56-41EDF6415867}"
EndProject
Project("{2150E333-8FDC-42A3-9474-1A3956D46DE8}") = "Catalog", "Catalog", "{8C5AB4DA-5785-4EB4-A628-B6E49F02B891}"
EndProject
Project("{FAE04EC0-301F-11D3-BF4B-00C04F79EFBC}") = "Catalog.API", "Services\Catalog\Catalog.API\Catalog.API.csproj", "{446A8822-E721-4C04-992E-713697873BB7}"
EndProject
Global
	GlobalSection(SolutionConfigurationPlatforms) = preSolution
		Debug|Any CPU = Debug|Any CPU
		Release|Any CPU = Release|Any CPU
	EndGlobalSection
	GlobalSection(ProjectConfigurationPlatforms) = postSolution
		{446A8822-E721-4C04-992E-713697873BB7}.Debug|Any CPU.ActiveCfg = Debug|Any CPU
		{446A8822-E721-4C04-992E-713697873BB7}.Debug|Any CPU.Build.0 = Debug|Any CPU
		{446A8822-E721-4C04-992E-713697873BB7}.Release|Any CPU.ActiveCfg = Release|Any CPU
		{446A8822-E721-4C04-992E-713697873BB7}.Release|Any CPU.Build.0 = Release|Any CPU
	EndGlobalSection
	GlobalSection(SolutionProperties) = preSolution
		HideSolutionNode = FALSE
	EndGlobalSection
	GlobalSection(NestedProjects) = preSolution
		{8C5AB4DA-5785-4EB4-A628-B6E49F02B891} = {3DA4FFC3-66A6-4CBD-AF56-41EDF6415867}
		{446A8822-E721-4C04-992E-713697873BB7} = {8C5AB4DA-5785-4EB4-A628-B6E49F02B891}
	EndGlobalSection
	GlobalSection(ExtensibilityGlobals) = postSolution
		SolutionGuid = {D2E1E672-855B-4124-A030-ECC79D5EB93E}
	EndGlobalSection
EndGlobal
